[[package]]
name = "amos"
version = "0.1.10"
description = "Your Python project companion"
category = "main"
optional = false
python-versions = ">=3.9,<4.0"

[package.dependencies]
miller = ">=0.1.2,<0.2.0"

[[package]]
name = "miller"
version = "0.1.4"
description = "introspection tools using consistent, accessible syntax"
category = "main"
optional = false
python-versions = ">=3.9,<4.0"

[package.dependencies]
amos = ">=0.1.5,<0.2.0"

[metadata]
lock-version = "1.1"
python-versions = "^3.9"
content-hash = "d459af70630dfae5158db1b6479cfd5fa90e460f1a0189103032858c0d82df09"

[metadata.files]
amos = [
    {file = "amos-0.1.10-py3-none-any.whl", hash = "sha256:a1594b75fbb3e7f479a38b77a9fc30aea71bb27fa120647fd691fdc1b6c7db66"},
    {file = "amos-0.1.10.tar.gz", hash = "sha256:c971f6f2778f0d106e88567d3d81a7f4576ee5ffef67ca575e4515d2f2b5dbdf"},
]
miller = [
    {file = "miller-0.1.4-py3-none-any.whl", hash = "sha256:ee1a7dac27fbc57bb26aa960a74d83b75977aa99c43bad4e5fbd9456a880bf86"},
    {file = "miller-0.1.4.tar.gz", hash = "sha256:fcb7cf6e11bdb03a6e2979055d54942a45d4ad497060c4bfc7fe9b6f8dea702f"},
]
