[[package]]
name = "amos"
version = "0.1.10"
description = "Your Python project companion"
category = "main"
optional = false
python-versions = ">=3.9,<4.0"

[package.dependencies]
miller = ">=0.1.2,<0.2.0"

[[package]]
name = "miller"
version = "0.1.3"
description = "introspection tools using consistent, accessible syntax"
category = "main"
optional = false
python-versions = ">=3.9,<4.0"

[package.dependencies]
amos = ">=0.1.5,<0.2.0"

[metadata]
lock-version = "1.1"
python-versions = "^3.9"
content-hash = "2cdfad776de67da996eef1f0cb53a7ffde9ae029208603cf5c4c308ee8338c92"

[metadata.files]
amos = [
    {file = "amos-0.1.10-py3-none-any.whl", hash = "sha256:a1594b75fbb3e7f479a38b77a9fc30aea71bb27fa120647fd691fdc1b6c7db66"},
    {file = "amos-0.1.10.tar.gz", hash = "sha256:c971f6f2778f0d106e88567d3d81a7f4576ee5ffef67ca575e4515d2f2b5dbdf"},
]
miller = [
    {file = "miller-0.1.3-py3-none-any.whl", hash = "sha256:622f2ed47a66e5f0780edc96e875a581f6b204d72c45290b8228e903b271f6d0"},
    {file = "miller-0.1.3.tar.gz", hash = "sha256:13aaf1475f8fe1a53095546de140a4da2f2abc62a59b7a6eeb620fcf554a5e8d"},
]
